{
 "graph_lock": {
  "nodes": {
   "0": {
    "options": "examplePkg:fPIC=True\nexamplePkg:shared=False",
    "requires": [
     "1"
    ],
    "path": "conanfile.txt",
    "context": "host"
   },
   "1": {
    "ref": "examplePkg/1.0@demo/testing",
    "options": "fPIC=True\nshared=False",
    "package_id": "bd60adfcc711eb9896fc520453b7e3b76fb7d856",
    "prev": "0",
    "context": "host"
   }
  },
  "revisions_enabled": false
 },
 "version": "0.4",
 "profile_host": "[settings]\narch=x86_64\narch_build=x86_64\nbuild_type=Release\ncompiler=hfuzz-g++\ncompiler.version=11\nos=Linux\nos_build=Linux\n[options]\n[build_requires]\n[env]\n[conf]\ntools.build:cxxflags=['-fsanitize=address']\n"
}